
Microsoft Visual Studio Solution File, Format Version 12.00
# Visual Studio Version 16
VisualStudioVersion = 16.0.29709.97
MinimumVisualStudioVersion = 10.0.40219.1
Project("{FAE04EC0-301F-11D3-BF4B-00C04F79EFBC}") = "Ldap", "Ldap.csproj", "{93E50002-6C60-4CEE-A590-EED2CE7A0DA2}"
EndProject
Global
	GlobalSection(SolutionConfigurationPlatforms) = preSolution
		Debug|Any CPU = Debug|Any CPU
		Release|Any CPU = Release|Any CPU
	EndGlobalSection
	GlobalSection(ProjectConfigurationPlatforms) = postSolution
		{93E50002-6C60-4CEE-A590-EED2CE7A0DA2}.Debug|Any CPU.ActiveCfg = Debug|Any CPU
		{93E50002-6C60-4CEE-A590-EED2CE7A0DA2}.Debug|Any CPU.Build.0 = Debug|Any CPU
		{93E50002-6C60-4CEE-A590-EED2CE7A0DA2}.Release|Any CPU.ActiveCfg = Release|Any CPU
		{93E50002-6C60-4CEE-A590-EED2CE7A0DA2}.Release|Any CPU.Build.0 = Release|Any CPU
	EndGlobalSection
	GlobalSection(SolutionProperties) = preSolution
		HideSolutionNode = FALSE
	EndGlobalSection
	GlobalSection(ExtensibilityGlobals) = postSolution
		SolutionGuid = {5D398F9E-726E-46F1-8135-35400336ED12}
	EndGlobalSection
EndGlobal
